
Microsoft Visual Studio Solution File, Format Version 12.00
# Visual Studio 15
Project("{FAE04EC0-301F-11D3-BF4B-00C04F79EFBC}") = "Unity.VisualEffectGraph.Editor", "Unity.VisualEffectGraph.Editor.csproj", "{D959DEB5-FE42-898C-21BD-CC37F1B9415E}"
EndProject
Project("{FAE04EC0-301F-11D3-BF4B-00C04F79EFBC}") = "Unity.ShaderGraph.Editor", "Unity.ShaderGraph.Editor.csproj", "{C45B0F58-C555-7C7A-8A23-095EA4F4CBB4}"
EndProject
Project("{FAE04EC0-301F-11D3-BF4B-00C04F79EFBC}") = "Unity.RenderPipelines.Universal.Runtime", "Unity.RenderPipelines.Universal.Runtime.csproj", "{64B27509-015C-9643-5C49-0B6E7868701E}"
EndProject
Project("{FAE04EC0-301F-11D3-BF4B-00C04F79EFBC}") = "UnityEditor.UI", "UnityEditor.UI.csproj", "{E438209F-D28B-5DBC-6C5A-757A109184B2}"
EndProject
Project("{FAE04EC0-301F-11D3-BF4B-00C04F79EFBC}") = "Unity.RenderPipelines.Core.Runtime", "Unity.RenderPipelines.Core.Runtime.csproj", "{FBD0AD05-793C-465F-0931-A2C505D18F17}"
EndProject
Project("{FAE04EC0-301F-11D3-BF4B-00C04F79EFBC}") = "Unity.RenderPipelines.Core.Editor", "Unity.RenderPipelines.Core.Editor.csproj", "{DECEBB25-DAEE-97B4-5276-E1A2AE9CF38A}"
EndProject
Project("{FAE04EC0-301F-11D3-BF4B-00C04F79EFBC}") = "Unity.RenderPipelines.Universal.Editor", "Unity.RenderPipelines.Universal.Editor.csproj", "{3459AA0F-A75B-DF88-12CC-6B761F327BAC}"
EndProject
Project("{FAE04EC0-301F-11D3-BF4B-00C04F79EFBC}") = "PPv2URPConverters", "PPv2URPConverters.csproj", "{7E3C7D78-CB5F-4673-45BB-F46A7D0374CE}"
EndProject
Project("{FAE04EC0-301F-11D3-BF4B-00C04F79EFBC}") = "Assembly-CSharp", "Assembly-CSharp.csproj", "{4623C93F-AA48-2AC4-F129-FAD989B6C006}"
EndProject
Project("{FAE04EC0-301F-11D3-BF4B-00C04F79EFBC}") = "Unity.VisualEffectGraph.Runtime", "Unity.VisualEffectGraph.Runtime.csproj", "{E2F3C0C3-A247-8238-AA10-06E9E536BA46}"
EndProject
Project("{FAE04EC0-301F-11D3-BF4B-00C04F79EFBC}") = "UnityEngine.UI", "UnityEngine.UI.csproj", "{53021F94-CEB2-F58A-584E-68462DFE827E}"
EndProject
Project("{FAE04EC0-301F-11D3-BF4B-00C04F79EFBC}") = "Unity.RenderPipeline.Universal.ShaderLibrary", "Unity.RenderPipeline.Universal.ShaderLibrary.csproj", "{EAB1E805-DD67-6517-B9AD-C45317790319}"
EndProject
Project("{FAE04EC0-301F-11D3-BF4B-00C04F79EFBC}") = "Whinarn.UnityMeshSimplifier.Runtime", "Whinarn.UnityMeshSimplifier.Runtime.csproj", "{169E2B9A-C71F-8E91-62A8-54DBDFF8002A}"
EndProject
Project("{FAE04EC0-301F-11D3-BF4B-00C04F79EFBC}") = "Assembly-CSharp-firstpass", "Assembly-CSharp-firstpass.csproj", "{ED829979-93F9-9798-ED0D-6C75D267B9BF}"
EndProject
Project("{FAE04EC0-301F-11D3-BF4B-00C04F79EFBC}") = "Unity.2D.Sprite.Editor", "Unity.2D.Sprite.Editor.csproj", "{A61A9BB7-C238-D115-3205-D0CF5527188E}"
EndProject
Project("{FAE04EC0-301F-11D3-BF4B-00C04F79EFBC}") = "Assembly-CSharp-Editor", "Assembly-CSharp-Editor.csproj", "{DDE0DA46-D32F-B89B-A6FC-1BB7A3D0D6A7}"
EndProject
Project("{FAE04EC0-301F-11D3-BF4B-00C04F79EFBC}") = "Unity.ShaderGraph.Utilities", "Unity.ShaderGraph.Utilities.csproj", "{76D7765F-4775-D88D-6222-525C156D459B}"
EndProject
Project("{FAE04EC0-301F-11D3-BF4B-00C04F79EFBC}") = "Whinarn.UnityMeshSimplifier.Editor", "Whinarn.UnityMeshSimplifier.Editor.csproj", "{8A10D45D-8BDB-D442-737F-18CFD55A8A92}"
EndProject
Project("{FAE04EC0-301F-11D3-BF4B-00C04F79EFBC}") = "Meta.XR.SDK.Audio.Samples", "Meta.XR.SDK.Audio.Samples.csproj", "{5DE1E124-0380-1324-2F02-2F9E8391C1E2}"
EndProject
Project("{FAE04EC0-301F-11D3-BF4B-00C04F79EFBC}") = "Unity.RenderPipelines.Universal.Config.Runtime", "Unity.RenderPipelines.Universal.Config.Runtime.csproj", "{4D9B1847-DAC1-6296-F4DF-0E7E74C15142}"
EndProject
Project("{FAE04EC0-301F-11D3-BF4B-00C04F79EFBC}") = "Unity.RenderPipelines.ShaderGraph.ShaderGraphLibrary", "Unity.RenderPipelines.ShaderGraph.ShaderGraphLibrary.csproj", "{5674FF64-D939-ECA7-FA2C-A092E2E9B5E7}"
EndProject
Project("{FAE04EC0-301F-11D3-BF4B-00C04F79EFBC}") = "Unity.RenderPipelines.Core.ShaderLibrary", "Unity.RenderPipelines.Core.ShaderLibrary.csproj", "{B0D18BEB-75E0-5752-8507-3CA8747E65F9}"
EndProject
Project("{FAE04EC0-301F-11D3-BF4B-00C04F79EFBC}") = "Unity.RenderPipelines.Universal.Shaders", "Unity.RenderPipelines.Universal.Shaders.csproj", "{54616B9C-479F-4B21-244E-1C385EAF8DF9}"
EndProject
Global
	GlobalSection(SolutionConfigurationPlatforms) = preSolution
		Debug|Any CPU = Debug|Any CPU
		Release|Any CPU = Release|Any CPU
	EndGlobalSection
	GlobalSection(ProjectConfigurationPlatforms) = postSolution
		{D959DEB5-FE42-898C-21BD-CC37F1B9415E}.Debug|Any CPU.ActiveCfg = Debug|Any CPU
		{D959DEB5-FE42-898C-21BD-CC37F1B9415E}.Debug|Any CPU.Build.0 = Debug|Any CPU
		{D959DEB5-FE42-898C-21BD-CC37F1B9415E}.Release|Any CPU.ActiveCfg = Release|Any CPU
		{D959DEB5-FE42-898C-21BD-CC37F1B9415E}.Release|Any CPU.Build.0 = Release|Any CPU
		{C45B0F58-C555-7C7A-8A23-095EA4F4CBB4}.Debug|Any CPU.ActiveCfg = Debug|Any CPU
		{C45B0F58-C555-7C7A-8A23-095EA4F4CBB4}.Debug|Any CPU.Build.0 = Debug|Any CPU
		{C45B0F58-C555-7C7A-8A23-095EA4F4CBB4}.Release|Any CPU.ActiveCfg = Release|Any CPU
		{C45B0F58-C555-7C7A-8A23-095EA4F4CBB4}.Release|Any CPU.Build.0 = Release|Any CPU
		{64B27509-015C-9643-5C49-0B6E7868701E}.Debug|Any CPU.ActiveCfg = Debug|Any CPU
		{64B27509-015C-9643-5C49-0B6E7868701E}.Debug|Any CPU.Build.0 = Debug|Any CPU
		{64B27509-015C-9643-5C49-0B6E7868701E}.Release|Any CPU.ActiveCfg = Release|Any CPU
		{64B27509-015C-9643-5C49-0B6E7868701E}.Release|Any CPU.Build.0 = Release|Any CPU
		{E438209F-D28B-5DBC-6C5A-757A109184B2}.Debug|Any CPU.ActiveCfg = Debug|Any CPU
		{E438209F-D28B-5DBC-6C5A-757A109184B2}.Debug|Any CPU.Build.0 = Debug|Any CPU
		{E438209F-D28B-5DBC-6C5A-757A109184B2}.Release|Any CPU.ActiveCfg = Release|Any CPU
		{E438209F-D28B-5DBC-6C5A-757A109184B2}.Release|Any CPU.Build.0 = Release|Any CPU
		{FBD0AD05-793C-465F-0931-A2C505D18F17}.Debug|Any CPU.ActiveCfg = Debug|Any CPU
		{FBD0AD05-793C-465F-0931-A2C505D18F17}.Debug|Any CPU.Build.0 = Debug|Any CPU
		{FBD0AD05-793C-465F-0931-A2C505D18F17}.Release|Any CPU.ActiveCfg = Release|Any CPU
		{FBD0AD05-793C-465F-0931-A2C505D18F17}.Release|Any CPU.Build.0 = Release|Any CPU
		{DECEBB25-DAEE-97B4-5276-E1A2AE9CF38A}.Debug|Any CPU.ActiveCfg = Debug|Any CPU
		{DECEBB25-DAEE-97B4-5276-E1A2AE9CF38A}.Debug|Any CPU.Build.0 = Debug|Any CPU
		{DECEBB25-DAEE-97B4-5276-E1A2AE9CF38A}.Release|Any CPU.ActiveCfg = Release|Any CPU
		{DECEBB25-DAEE-97B4-5276-E1A2AE9CF38A}.Release|Any CPU.Build.0 = Release|Any CPU
		{3459AA0F-A75B-DF88-12CC-6B761F327BAC}.Debug|Any CPU.ActiveCfg = Debug|Any CPU
		{3459AA0F-A75B-DF88-12CC-6B761F327BAC}.Debug|Any CPU.Build.0 = Debug|Any CPU
		{3459AA0F-A75B-DF88-12CC-6B761F327BAC}.Release|Any CPU.ActiveCfg = Release|Any CPU
		{3459AA0F-A75B-DF88-12CC-6B761F327BAC}.Release|Any CPU.Build.0 = Release|Any CPU
		{7E3C7D78-CB5F-4673-45BB-F46A7D0374CE}.Debug|Any CPU.ActiveCfg = Debug|Any CPU
		{7E3C7D78-CB5F-4673-45BB-F46A7D0374CE}.Debug|Any CPU.Build.0 = Debug|Any CPU
		{7E3C7D78-CB5F-4673-45BB-F46A7D0374CE}.Release|Any CPU.ActiveCfg = Release|Any CPU
		{7E3C7D78-CB5F-4673-45BB-F46A7D0374CE}.Release|Any CPU.Build.0 = Release|Any CPU
		{4623C93F-AA48-2AC4-F129-FAD989B6C006}.Debug|Any CPU.ActiveCfg = Debug|Any CPU
		{4623C93F-AA48-2AC4-F129-FAD989B6C006}.Debug|Any CPU.Build.0 = Debug|Any CPU
		{4623C93F-AA48-2AC4-F129-FAD989B6C006}.Release|Any CPU.ActiveCfg = Release|Any CPU
		{4623C93F-AA48-2AC4-F129-FAD989B6C006}.Release|Any CPU.Build.0 = Release|Any CPU
		{E2F3C0C3-A247-8238-AA10-06E9E536BA46}.Debug|Any CPU.ActiveCfg = Debug|Any CPU
		{E2F3C0C3-A247-8238-AA10-06E9E536BA46}.Debug|Any CPU.Build.0 = Debug|Any CPU
		{E2F3C0C3-A247-8238-AA10-06E9E536BA46}.Release|Any CPU.ActiveCfg = Release|Any CPU
		{E2F3C0C3-A247-8238-AA10-06E9E536BA46}.Release|Any CPU.Build.0 = Release|Any CPU
		{53021F94-CEB2-F58A-584E-68462DFE827E}.Debug|Any CPU.ActiveCfg = Debug|Any CPU
		{53021F94-CEB2-F58A-584E-68462DFE827E}.Debug|Any CPU.Build.0 = Debug|Any CPU
		{53021F94-CEB2-F58A-584E-68462DFE827E}.Release|Any CPU.ActiveCfg = Release|Any CPU
		{53021F94-CEB2-F58A-584E-68462DFE827E}.Release|Any CPU.Build.0 = Release|Any CPU
		{EAB1E805-DD67-6517-B9AD-C45317790319}.Debug|Any CPU.ActiveCfg = Debug|Any CPU
		{EAB1E805-DD67-6517-B9AD-C45317790319}.Debug|Any CPU.Build.0 = Debug|Any CPU
		{EAB1E805-DD67-6517-B9AD-C45317790319}.Release|Any CPU.ActiveCfg = Release|Any CPU
		{EAB1E805-DD67-6517-B9AD-C45317790319}.Release|Any CPU.Build.0 = Release|Any CPU
		{169E2B9A-C71F-8E91-62A8-54DBDFF8002A}.Debug|Any CPU.ActiveCfg = Debug|Any CPU
		{169E2B9A-C71F-8E91-62A8-54DBDFF8002A}.Debug|Any CPU.Build.0 = Debug|Any CPU
		{169E2B9A-C71F-8E91-62A8-54DBDFF8002A}.Release|Any CPU.ActiveCfg = Release|Any CPU
		{169E2B9A-C71F-8E91-62A8-54DBDFF8002A}.Release|Any CPU.Build.0 = Release|Any CPU
		{ED829979-93F9-9798-ED0D-6C75D267B9BF}.Debug|Any CPU.ActiveCfg = Debug|Any CPU
		{ED829979-93F9-9798-ED0D-6C75D267B9BF}.Debug|Any CPU.Build.0 = Debug|Any CPU
		{ED829979-93F9-9798-ED0D-6C75D267B9BF}.Release|Any CPU.ActiveCfg = Release|Any CPU
		{ED829979-93F9-9798-ED0D-6C75D267B9BF}.Release|Any CPU.Build.0 = Release|Any CPU
		{A61A9BB7-C238-D115-3205-D0CF5527188E}.Debug|Any CPU.ActiveCfg = Debug|Any CPU
		{A61A9BB7-C238-D115-3205-D0CF5527188E}.Debug|Any CPU.Build.0 = Debug|Any CPU
		{A61A9BB7-C238-D115-3205-D0CF5527188E}.Release|Any CPU.ActiveCfg = Release|Any CPU
		{A61A9BB7-C238-D115-3205-D0CF5527188E}.Release|Any CPU.Build.0 = Release|Any CPU
		{DDE0DA46-D32F-B89B-A6FC-1BB7A3D0D6A7}.Debug|Any CPU.ActiveCfg = Debug|Any CPU
		{DDE0DA46-D32F-B89B-A6FC-1BB7A3D0D6A7}.Debug|Any CPU.Build.0 = Debug|Any CPU
		{DDE0DA46-D32F-B89B-A6FC-1BB7A3D0D6A7}.Release|Any CPU.ActiveCfg = Release|Any CPU
		{DDE0DA46-D32F-B89B-A6FC-1BB7A3D0D6A7}.Release|Any CPU.Build.0 = Release|Any CPU
		{76D7765F-4775-D88D-6222-525C156D459B}.Debug|Any CPU.ActiveCfg = Debug|Any CPU
		{76D7765F-4775-D88D-6222-525C156D459B}.Debug|Any CPU.Build.0 = Debug|Any CPU
		{76D7765F-4775-D88D-6222-525C156D459B}.Release|Any CPU.ActiveCfg = Release|Any CPU
		{76D7765F-4775-D88D-6222-525C156D459B}.Release|Any CPU.Build.0 = Release|Any CPU
		{8A10D45D-8BDB-D442-737F-18CFD55A8A92}.Debug|Any CPU.ActiveCfg = Debug|Any CPU
		{8A10D45D-8BDB-D442-737F-18CFD55A8A92}.Debug|Any CPU.Build.0 = Debug|Any CPU
		{8A10D45D-8BDB-D442-737F-18CFD55A8A92}.Release|Any CPU.ActiveCfg = Release|Any CPU
		{8A10D45D-8BDB-D442-737F-18CFD55A8A92}.Release|Any CPU.Build.0 = Release|Any CPU
		{5DE1E124-0380-1324-2F02-2F9E8391C1E2}.Debug|Any CPU.ActiveCfg = Debug|Any CPU
		{5DE1E124-0380-1324-2F02-2F9E8391C1E2}.Debug|Any CPU.Build.0 = Debug|Any CPU
		{5DE1E124-0380-1324-2F02-2F9E8391C1E2}.Release|Any CPU.ActiveCfg = Release|Any CPU
		{5DE1E124-0380-1324-2F02-2F9E8391C1E2}.Release|Any CPU.Build.0 = Release|Any CPU
		{4D9B1847-DAC1-6296-F4DF-0E7E74C15142}.Debug|Any CPU.ActiveCfg = Debug|Any CPU
		{4D9B1847-DAC1-6296-F4DF-0E7E74C15142}.Debug|Any CPU.Build.0 = Debug|Any CPU
		{4D9B1847-DAC1-6296-F4DF-0E7E74C15142}.Release|Any CPU.ActiveCfg = Release|Any CPU
		{4D9B1847-DAC1-6296-F4DF-0E7E74C15142}.Release|Any CPU.Build.0 = Release|Any CPU
		{5674FF64-D939-ECA7-FA2C-A092E2E9B5E7}.Debug|Any CPU.ActiveCfg = Debug|Any CPU
		{5674FF64-D939-ECA7-FA2C-A092E2E9B5E7}.Debug|Any CPU.Build.0 = Debug|Any CPU
		{5674FF64-D939-ECA7-FA2C-A092E2E9B5E7}.Release|Any CPU.ActiveCfg = Release|Any CPU
		{5674FF64-D939-ECA7-FA2C-A092E2E9B5E7}.Release|Any CPU.Build.0 = Release|Any CPU
		{B0D18BEB-75E0-5752-8507-3CA8747E65F9}.Debug|Any CPU.ActiveCfg = Debug|Any CPU
		{B0D18BEB-75E0-5752-8507-3CA8747E65F9}.Debug|Any CPU.Build.0 = Debug|Any CPU
		{B0D18BEB-75E0-5752-8507-3CA8747E65F9}.Release|Any CPU.ActiveCfg = Release|Any CPU
		{B0D18BEB-75E0-5752-8507-3CA8747E65F9}.Release|Any CPU.Build.0 = Release|Any CPU
		{54616B9C-479F-4B21-244E-1C385EAF8DF9}.Debug|Any CPU.ActiveCfg = Debug|Any CPU
		{54616B9C-479F-4B21-244E-1C385EAF8DF9}.Debug|Any CPU.Build.0 = Debug|Any CPU
		{54616B9C-479F-4B21-244E-1C385EAF8DF9}.Release|Any CPU.ActiveCfg = Release|Any CPU
		{54616B9C-479F-4B21-244E-1C385EAF8DF9}.Release|Any CPU.Build.0 = Release|Any CPU
	EndGlobalSection
	GlobalSection(SolutionProperties) = preSolution
		HideSolutionNode = FALSE
	EndGlobalSection
EndGlobal
